
Microsoft Visual Studio Solution File, Format Version 12.00
# Visual Studio Version 17
VisualStudioVersion = 17.8.34330.188
MinimumVisualStudioVersion = 10.0.40219.1
Project("{9A19103F-16F7-4668-BE54-9A1E7A4F7556}") = "EduCloud.API", "EduCloud.API\EduCloud.API.csproj", "{4B70726D-1E77-4084-8F23-4F7E5DD51D19}"
EndProject
Project("{FAE04EC0-301F-11D3-BF4B-00C04F79EFBC}") = "EduCloud.Infrastructure", "EduCloud.Infrastructure\EduCloud.Infrastructure.csproj", "{E96F1303-925A-4FC8-860E-9E30F0CD07C0}"
EndProject
Project("{FAE04EC0-301F-11D3-BF4B-00C04F79EFBC}") = "EduCloud.Application", "EduCloud.Application\EduCloud.Application.csproj", "{9A9AADA9-71FE-4062-B04C-1E3714C4CFDF}"
EndProject
Project("{FAE04EC0-301F-11D3-BF4B-00C04F79EFBC}") = "EduCloud.Domain", "EduCloud.Domain\EduCloud.Domain.csproj", "{C2C46830-ADDF-4CA4-806D-6A7DD1E97939}"
EndProject
Project("{FAE04EC0-301F-11D3-BF4B-00C04F79EFBC}") = "EduCloud.Test", "EduCloud.Test\EduCloud.Test.csproj", "{486B2924-B935-426D-829C-C408AB1F868F}"
EndProject
Global
	GlobalSection(SolutionConfigurationPlatforms) = preSolution
		Debug|Any CPU = Debug|Any CPU
		Release|Any CPU = Release|Any CPU
	EndGlobalSection
	GlobalSection(ProjectConfigurationPlatforms) = postSolution
		{4B70726D-1E77-4084-8F23-4F7E5DD51D19}.Debug|Any CPU.ActiveCfg = Debug|Any CPU
		{4B70726D-1E77-4084-8F23-4F7E5DD51D19}.Debug|Any CPU.Build.0 = Debug|Any CPU
		{4B70726D-1E77-4084-8F23-4F7E5DD51D19}.Release|Any CPU.ActiveCfg = Release|Any CPU
		{4B70726D-1E77-4084-8F23-4F7E5DD51D19}.Release|Any CPU.Build.0 = Release|Any CPU
		{E96F1303-925A-4FC8-860E-9E30F0CD07C0}.Debug|Any CPU.ActiveCfg = Debug|Any CPU
		{E96F1303-925A-4FC8-860E-9E30F0CD07C0}.Debug|Any CPU.Build.0 = Debug|Any CPU
		{E96F1303-925A-4FC8-860E-9E30F0CD07C0}.Release|Any CPU.ActiveCfg = Release|Any CPU
		{E96F1303-925A-4FC8-860E-9E30F0CD07C0}.Release|Any CPU.Build.0 = Release|Any CPU
		{9A9AADA9-71FE-4062-B04C-1E3714C4CFDF}.Debug|Any CPU.ActiveCfg = Debug|Any CPU
		{9A9AADA9-71FE-4062-B04C-1E3714C4CFDF}.Debug|Any CPU.Build.0 = Debug|Any CPU
		{9A9AADA9-71FE-4062-B04C-1E3714C4CFDF}.Release|Any CPU.ActiveCfg = Release|Any CPU
		{9A9AADA9-71FE-4062-B04C-1E3714C4CFDF}.Release|Any CPU.Build.0 = Release|Any CPU
		{C2C46830-ADDF-4CA4-806D-6A7DD1E97939}.Debug|Any CPU.ActiveCfg = Debug|Any CPU
		{C2C46830-ADDF-4CA4-806D-6A7DD1E97939}.Debug|Any CPU.Build.0 = Debug|Any CPU
		{C2C46830-ADDF-4CA4-806D-6A7DD1E97939}.Release|Any CPU.ActiveCfg = Release|Any CPU
		{C2C46830-ADDF-4CA4-806D-6A7DD1E97939}.Release|Any CPU.Build.0 = Release|Any CPU
		{486B2924-B935-426D-829C-C408AB1F868F}.Debug|Any CPU.ActiveCfg = Debug|Any CPU
		{486B2924-B935-426D-829C-C408AB1F868F}.Debug|Any CPU.Build.0 = Debug|Any CPU
		{486B2924-B935-426D-829C-C408AB1F868F}.Release|Any CPU.ActiveCfg = Release|Any CPU
		{486B2924-B935-426D-829C-C408AB1F868F}.Release|Any CPU.Build.0 = Release|Any CPU
	EndGlobalSection
	GlobalSection(SolutionProperties) = preSolution
		HideSolutionNode = FALSE
	EndGlobalSection
	GlobalSection(ExtensibilityGlobals) = postSolution
		SolutionGuid = {25068500-C251-460C-B03D-B0B8486020BE}
	EndGlobalSection
EndGlobal
